
Microsoft Visual Studio Solution File, Format Version 12.00
# Visual Studio Version 17
VisualStudioVersion = 17.0.32112.339
MinimumVisualStudioVersion = 10.0.40219.1
Project("{FAE04EC0-301F-11D3-BF4B-00C04F79EFBC}") = "A11_RBS", "A11_RBS\A11_RBS.csproj", "{557E716A-79B6-4DC7-878B-8A2A7BB2127F}"
EndProject
Global
	GlobalSection(SolutionConfigurationPlatforms) = preSolution
		Debug|Any CPU = Debug|Any CPU
		Release|Any CPU = Release|Any CPU
	EndGlobalSection
	GlobalSection(ProjectConfigurationPlatforms) = postSolution
		{557E716A-79B6-4DC7-878B-8A2A7BB2127F}.Debug|Any CPU.ActiveCfg = Debug|Any CPU
		{557E716A-79B6-4DC7-878B-8A2A7BB2127F}.Debug|Any CPU.Build.0 = Debug|Any CPU
		{557E716A-79B6-4DC7-878B-8A2A7BB2127F}.Release|Any CPU.ActiveCfg = Release|Any CPU
		{557E716A-79B6-4DC7-878B-8A2A7BB2127F}.Release|Any CPU.Build.0 = Release|Any CPU
	EndGlobalSection
	GlobalSection(SolutionProperties) = preSolution
		HideSolutionNode = FALSE
	EndGlobalSection
	GlobalSection(ExtensibilityGlobals) = postSolution
		SolutionGuid = {8EABCD63-7BA8-46A9-B2D6-9F795FFB2BA5}
	EndGlobalSection
EndGlobal
